
Microsoft Visual Studio Solution File, Format Version 12.00
# Visual Studio Version 16
VisualStudioVersion = 16.0.29613.14
MinimumVisualStudioVersion = 10.0.40219.1
Project("{9A19103F-16F7-4668-BE54-9A1E7A4F7556}") = "TelerikReportingInAspNetCoreExample", "TelerikReportingInAspNetCoreExample\TelerikReportingInAspNetCoreExample.csproj", "{DA84AD7E-0203-4DBB-80DE-24CFB79E4E3F}"
EndProject
Global
	GlobalSection(SolutionConfigurationPlatforms) = preSolution
		Debug|Any CPU = Debug|Any CPU
		Release|Any CPU = Release|Any CPU
	EndGlobalSection
	GlobalSection(ProjectConfigurationPlatforms) = postSolution
		{DA84AD7E-0203-4DBB-80DE-24CFB79E4E3F}.Debug|Any CPU.ActiveCfg = Debug|Any CPU
		{DA84AD7E-0203-4DBB-80DE-24CFB79E4E3F}.Debug|Any CPU.Build.0 = Debug|Any CPU
		{DA84AD7E-0203-4DBB-80DE-24CFB79E4E3F}.Release|Any CPU.ActiveCfg = Release|Any CPU
		{DA84AD7E-0203-4DBB-80DE-24CFB79E4E3F}.Release|Any CPU.Build.0 = Release|Any CPU
	EndGlobalSection
	GlobalSection(SolutionProperties) = preSolution
		HideSolutionNode = FALSE
	EndGlobalSection
	GlobalSection(ExtensibilityGlobals) = postSolution
		SolutionGuid = {DAB8921B-EA08-44ED-9B6C-F8B4F9F718E6}
	EndGlobalSection
EndGlobal
